
Microsoft Visual Studio Solution File, Format Version 12.00
Project("{FAE04EC0-301F-11D3-BF4B-00C04F79EFBC}") = "Main", "Main\Main.csproj", "{A8EAE64D-86FA-4B71-9AC0-E80E4CC18744}"
EndProject
Project("{FAE04EC0-301F-11D3-BF4B-00C04F79EFBC}") = "View", "View\View.csproj", "{A53255BD-BD5C-4EC6-9FD7-54667ECFEE0D}"
EndProject
Project("{FAE04EC0-301F-11D3-BF4B-00C04F79EFBC}") = "Presenter", "Presenter\Presenter.csproj", "{701D88B2-0E02-4EBD-998B-A69A368A0A29}"
EndProject
Project("{FAE04EC0-301F-11D3-BF4B-00C04F79EFBC}") = "Model", "Model\Model.csproj", "{20BAA97C-5041-4EC2-A53D-3B86FB77D7A5}"
EndProject
Global
	GlobalSection(SolutionConfigurationPlatforms) = preSolution
		Debug|Any CPU = Debug|Any CPU
		Release|Any CPU = Release|Any CPU
	EndGlobalSection
	GlobalSection(ProjectConfigurationPlatforms) = postSolution
		{A8EAE64D-86FA-4B71-9AC0-E80E4CC18744}.Debug|Any CPU.ActiveCfg = Debug|Any CPU
		{A8EAE64D-86FA-4B71-9AC0-E80E4CC18744}.Debug|Any CPU.Build.0 = Debug|Any CPU
		{A8EAE64D-86FA-4B71-9AC0-E80E4CC18744}.Release|Any CPU.ActiveCfg = Release|Any CPU
		{A8EAE64D-86FA-4B71-9AC0-E80E4CC18744}.Release|Any CPU.Build.0 = Release|Any CPU
		{A53255BD-BD5C-4EC6-9FD7-54667ECFEE0D}.Debug|Any CPU.ActiveCfg = Debug|Any CPU
		{A53255BD-BD5C-4EC6-9FD7-54667ECFEE0D}.Debug|Any CPU.Build.0 = Debug|Any CPU
		{A53255BD-BD5C-4EC6-9FD7-54667ECFEE0D}.Release|Any CPU.ActiveCfg = Release|Any CPU
		{A53255BD-BD5C-4EC6-9FD7-54667ECFEE0D}.Release|Any CPU.Build.0 = Release|Any CPU
		{701D88B2-0E02-4EBD-998B-A69A368A0A29}.Debug|Any CPU.ActiveCfg = Debug|Any CPU
		{701D88B2-0E02-4EBD-998B-A69A368A0A29}.Debug|Any CPU.Build.0 = Debug|Any CPU
		{701D88B2-0E02-4EBD-998B-A69A368A0A29}.Release|Any CPU.ActiveCfg = Release|Any CPU
		{701D88B2-0E02-4EBD-998B-A69A368A0A29}.Release|Any CPU.Build.0 = Release|Any CPU
		{20BAA97C-5041-4EC2-A53D-3B86FB77D7A5}.Debug|Any CPU.ActiveCfg = Debug|Any CPU
		{20BAA97C-5041-4EC2-A53D-3B86FB77D7A5}.Debug|Any CPU.Build.0 = Debug|Any CPU
		{20BAA97C-5041-4EC2-A53D-3B86FB77D7A5}.Release|Any CPU.ActiveCfg = Release|Any CPU
		{20BAA97C-5041-4EC2-A53D-3B86FB77D7A5}.Release|Any CPU.Build.0 = Release|Any CPU
	EndGlobalSection
EndGlobal
